// !$*UTF8*$!
{
	archiveVersion = 1;
	classes = {
	};
	objectVersion = 56;
	objects = {

/* Begin PBXBuildFile section */
		525CE75A2ACB486300AEF034 /* thread_cloneApp.swift in Sources */ = {isa = PBXBuildFile; fileRef = 525CE7592ACB486300AEF034 /* thread_cloneApp.swift */; };
		525CE75C2ACB486300AEF034 /* ContentView.swift in Sources */ = {isa = PBXBuildFile; fileRef = 525CE75B2ACB486300AEF034 /* ContentView.swift */; };
		525CE75E2ACB486400AEF034 /* Assets.xcassets in Resources */ = {isa = PBXBuildFile; fileRef = 525CE75D2ACB486400AEF034 /* Assets.xcassets */; };
		525CE7612ACB486400AEF034 /* Preview Assets.xcassets in Resources */ = {isa = PBXBuildFile; fileRef = 525CE7602ACB486400AEF034 /* Preview Assets.xcassets */; };
		525CE7722ACB49D700AEF034 /* LoginView.swift in Sources */ = {isa = PBXBuildFile; fileRef = 525CE7712ACB49D700AEF034 /* LoginView.swift */; };
		525CE7742ACB4F6500AEF034 /* RegistrationView.swift in Sources */ = {isa = PBXBuildFile; fileRef = 525CE7732ACB4F6500AEF034 /* RegistrationView.swift */; };
		525CE7772ACB518100AEF034 /* ThreadTextFieldModifier.swift in Sources */ = {isa = PBXBuildFile; fileRef = 525CE7762ACB518100AEF034 /* ThreadTextFieldModifier.swift */; };
		525CE77A2ACB569A00AEF034 /* ThreadTabView.swift in Sources */ = {isa = PBXBuildFile; fileRef = 525CE7792ACB569A00AEF034 /* ThreadTabView.swift */; };
		525CE77E2ACB5A1100AEF034 /* FeedView.swift in Sources */ = {isa = PBXBuildFile; fileRef = 525CE77D2ACB5A1100AEF034 /* FeedView.swift */; };
		525CE7822ACB5A6A00AEF034 /* ExploreView.swift in Sources */ = {isa = PBXBuildFile; fileRef = 525CE7812ACB5A6A00AEF034 /* ExploreView.swift */; };
		525CE7862ACB5ACF00AEF034 /* CreateThreadView.swift in Sources */ = {isa = PBXBuildFile; fileRef = 525CE7852ACB5ACF00AEF034 /* CreateThreadView.swift */; };
		525CE78A2ACB5B2900AEF034 /* ActivityView.swift in Sources */ = {isa = PBXBuildFile; fileRef = 525CE7892ACB5B2900AEF034 /* ActivityView.swift */; };
		525CE78E2ACB5B6700AEF034 /* ProfileView.swift in Sources */ = {isa = PBXBuildFile; fileRef = 525CE78D2ACB5B6700AEF034 /* ProfileView.swift */; };
		527E62572AD4207200C25936 /* ThreadCell.swift in Sources */ = {isa = PBXBuildFile; fileRef = 527E62562AD4207200C25936 /* ThreadCell.swift */; };
		527E625A2AD429A400C25936 /* CircularProfileImageView.swift in Sources */ = {isa = PBXBuildFile; fileRef = 527E62592AD429A400C25936 /* CircularProfileImageView.swift */; };
		527E625C2AD42A6900C25936 /* UserCell.swift in Sources */ = {isa = PBXBuildFile; fileRef = 527E625B2AD42A6900C25936 /* UserCell.swift */; };
		527E625F2AD42D7F00C25936 /* ProfileThreadFilter.swift in Sources */ = {isa = PBXBuildFile; fileRef = 527E625E2AD42D7F00C25936 /* ProfileThreadFilter.swift */; };
		527E62632AD568FE00C25936 /* EditProfileView.swift in Sources */ = {isa = PBXBuildFile; fileRef = 527E62622AD568FE00C25936 /* EditProfileView.swift */; };
		527E62652AD578B200C25936 /* GoogleService-Info.plist in Resources */ = {isa = PBXBuildFile; fileRef = 527E62642AD578B200C25936 /* GoogleService-Info.plist */; };
		527E62682AD57D9D00C25936 /* FirebaseAuth in Frameworks */ = {isa = PBXBuildFile; productRef = 527E62672AD57D9D00C25936 /* FirebaseAuth */; };
		527E626A2AD57D9D00C25936 /* FirebaseFirestore in Frameworks */ = {isa = PBXBuildFile; productRef = 527E62692AD57D9D00C25936 /* FirebaseFirestore */; };
		527E626C2AD57D9D00C25936 /* FirebaseFirestoreSwift in Frameworks */ = {isa = PBXBuildFile; productRef = 527E626B2AD57D9D00C25936 /* FirebaseFirestoreSwift */; };
		527E626E2AD57D9D00C25936 /* FirebaseStorage in Frameworks */ = {isa = PBXBuildFile; productRef = 527E626D2AD57D9D00C25936 /* FirebaseStorage */; };
		527E62722AD5811400C25936 /* RegistrationViewModel.swift in Sources */ = {isa = PBXBuildFile; fileRef = 527E62712AD5811400C25936 /* RegistrationViewModel.swift */; };
		527E62742AD582FB00C25936 /* AuthService.swift in Sources */ = {isa = PBXBuildFile; fileRef = 527E62732AD582FB00C25936 /* AuthService.swift */; };
		527E627A2AD5896E00C25936 /* ContentViewModel.swift in Sources */ = {isa = PBXBuildFile; fileRef = 527E62792AD5896E00C25936 /* ContentViewModel.swift */; };
		527E627C2AD5900D00C25936 /* LoginViewModel.swift in Sources */ = {isa = PBXBuildFile; fileRef = 527E627B2AD5900D00C25936 /* LoginViewModel.swift */; };
		527E627E2AD5978800C25936 /* User.swift in Sources */ = {isa = PBXBuildFile; fileRef = 527E627D2AD5978800C25936 /* User.swift */; };
		527E62802AD59BA600C25936 /* UserService.swift in Sources */ = {isa = PBXBuildFile; fileRef = 527E627F2AD59BA600C25936 /* UserService.swift */; };
		52DD93CF2AD7FB0600288D1E /* ExploreViewModel.swift in Sources */ = {isa = PBXBuildFile; fileRef = 52DD93CE2AD7FB0600288D1E /* ExploreViewModel.swift */; };
		52DD93D12AD7FD4700288D1E /* PreviewProvider.swift in Sources */ = {isa = PBXBuildFile; fileRef = 52DD93D02AD7FD4700288D1E /* PreviewProvider.swift */; };
		52DD93D62AD8025300288D1E /* CurrentUserProfileView.swift in Sources */ = {isa = PBXBuildFile; fileRef = 52DD93D52AD8025300288D1E /* CurrentUserProfileView.swift */; };
		52DD93DB2AD8034500288D1E /* CurrentProfileViewModel.swift in Sources */ = {isa = PBXBuildFile; fileRef = 52DD93DA2AD8034500288D1E /* CurrentProfileViewModel.swift */; };
		52DD93DE2AD8388A00288D1E /* ProfileHeaderView.swift in Sources */ = {isa = PBXBuildFile; fileRef = 52DD93DD2AD8388A00288D1E /* ProfileHeaderView.swift */; };
		52DD93E02AD83B1600288D1E /* UserContentListView.swift in Sources */ = {isa = PBXBuildFile; fileRef = 52DD93DF2AD83B1600288D1E /* UserContentListView.swift */; };
		52DD93E32AD8468100288D1E /* EditProfileViewModel.swift in Sources */ = {isa = PBXBuildFile; fileRef = 52DD93E22AD8468100288D1E /* EditProfileViewModel.swift */; };
		52DD93E52AD848BA00288D1E /* ImageUploader.swift in Sources */ = {isa = PBXBuildFile; fileRef = 52DD93E42AD848BA00288D1E /* ImageUploader.swift */; };
		52DD93E82AD850C300288D1E /* Kingfisher in Frameworks */ = {isa = PBXBuildFile; productRef = 52DD93E72AD850C300288D1E /* Kingfisher */; };
		52DD93EA2AD85D9500288D1E /* Thread.swift in Sources */ = {isa = PBXBuildFile; fileRef = 52DD93E92AD85D9500288D1E /* Thread.swift */; };
		52DD93ED2AD85E7F00288D1E /* CreateThreadViewModel.swift in Sources */ = {isa = PBXBuildFile; fileRef = 52DD93EC2AD85E7F00288D1E /* CreateThreadViewModel.swift */; };
		52DD93EF2AD85EC100288D1E /* ThreadService.swift in Sources */ = {isa = PBXBuildFile; fileRef = 52DD93EE2AD85EC100288D1E /* ThreadService.swift */; };
		52DD93F32AD8678D00288D1E /* FeedViewModel.swift in Sources */ = {isa = PBXBuildFile; fileRef = 52DD93F22AD8678D00288D1E /* FeedViewModel.swift */; };
		52DD93F72AD9632300288D1E /* UserContentListViewModel.swift in Sources */ = {isa = PBXBuildFile; fileRef = 52DD93F62AD9632300288D1E /* UserContentListViewModel.swift */; };
/* End PBXBuildFile section */

/* Begin PBXFileReference section */
		525CE7562ACB486300AEF034 /* thread-clone.app */ = {isa = PBXFileReference; explicitFileType = wrapper.application; includeInIndex = 0; path = "thread-clone.app"; sourceTree = BUILT_PRODUCTS_DIR; };
		525CE7592ACB486300AEF034 /* thread_cloneApp.swift */ = {isa = PBXFileReference; lastKnownFileType = sourcecode.swift; path = thread_cloneApp.swift; sourceTree = "<group>"; };
		525CE75B2ACB486300AEF034 /* ContentView.swift */ = {isa = PBXFileReference; lastKnownFileType = sourcecode.swift; path = ContentView.swift; sourceTree = "<group>"; };
		525CE75D2ACB486400AEF034 /* Assets.xcassets */ = {isa = PBXFileReference; lastKnownFileType = folder.assetcatalog; path = Assets.xcassets; sourceTree = "<group>"; };
		525CE7602ACB486400AEF034 /* Preview Assets.xcassets */ = {isa = PBXFileReference; lastKnownFileType = folder.assetcatalog; path = "Preview Assets.xcassets"; sourceTree = "<group>"; };
		525CE7712ACB49D700AEF034 /* LoginView.swift */ = {isa = PBXFileReference; lastKnownFileType = sourcecode.swift; path = LoginView.swift; sourceTree = "<group>"; };
		525CE7732ACB4F6500AEF034 /* RegistrationView.swift */ = {isa = PBXFileReference; lastKnownFileType = sourcecode.swift; path = RegistrationView.swift; sourceTree = "<group>"; };
		525CE7762ACB518100AEF034 /* ThreadTextFieldModifier.swift */ = {isa = PBXFileReference; lastKnownFileType = sourcecode.swift; path = ThreadTextFieldModifier.swift; sourceTree = "<group>"; };
		525CE7792ACB569A00AEF034 /* ThreadTabView.swift */ = {isa = PBXFileReference; lastKnownFileType = sourcecode.swift; path = ThreadTabView.swift; sourceTree = "<group>"; };
		525CE77D2ACB5A1100AEF034 /* FeedView.swift */ = {isa = PBXFileReference; lastKnownFileType = sourcecode.swift; path = FeedView.swift; sourceTree = "<group>"; };
		525CE7812ACB5A6A00AEF034 /* ExploreView.swift */ = {isa = PBXFileReference; lastKnownFileType = sourcecode.swift; path = ExploreView.swift; sourceTree = "<group>"; };
		525CE7852ACB5ACF00AEF034 /* CreateThreadView.swift */ = {isa = PBXFileReference; lastKnownFileType = sourcecode.swift; path = CreateThreadView.swift; sourceTree = "<group>"; };
		525CE7892ACB5B2900AEF034 /* ActivityView.swift */ = {isa = PBXFileReference; lastKnownFileType = sourcecode.swift; path = ActivityView.swift; sourceTree = "<group>"; };
		525CE78D2ACB5B6700AEF034 /* ProfileView.swift */ = {isa = PBXFileReference; lastKnownFileType = sourcecode.swift; path = ProfileView.swift; sourceTree = "<group>"; };
		527E62562AD4207200C25936 /* ThreadCell.swift */ = {isa = PBXFileReference; lastKnownFileType = sourcecode.swift; path = ThreadCell.swift; sourceTree = "<group>"; };
		527E62592AD429A400C25936 /* CircularProfileImageView.swift */ = {isa = PBXFileReference; lastKnownFileType = sourcecode.swift; path = CircularProfileImageView.swift; sourceTree = "<group>"; };
		527E625B2AD42A6900C25936 /* UserCell.swift */ = {isa = PBXFileReference; lastKnownFileType = sourcecode.swift; path = UserCell.swift; sourceTree = "<group>"; };
		527E625E2AD42D7F00C25936 /* ProfileThreadFilter.swift */ = {isa = PBXFileReference; lastKnownFileType = sourcecode.swift; path = ProfileThreadFilter.swift; sourceTree = "<group>"; };
		527E62622AD568FE00C25936 /* EditProfileView.swift */ = {isa = PBXFileReference; lastKnownFileType = sourcecode.swift; path = EditProfileView.swift; sourceTree = "<group>"; };
		527E62642AD578B200C25936 /* GoogleService-Info.plist */ = {isa = PBXFileReference; fileEncoding = 4; lastKnownFileType = text.plist.xml; path = "GoogleService-Info.plist"; sourceTree = "<group>"; };
		527E62712AD5811400C25936 /* RegistrationViewModel.swift */ = {isa = PBXFileReference; lastKnownFileType = sourcecode.swift; path = RegistrationViewModel.swift; sourceTree = "<group>"; };
		527E62732AD582FB00C25936 /* AuthService.swift */ = {isa = PBXFileReference; lastKnownFileType = sourcecode.swift; path = AuthService.swift; sourceTree = "<group>"; };
		527E62792AD5896E00C25936 /* ContentViewModel.swift */ = {isa = PBXFileReference; lastKnownFileType = sourcecode.swift; path = ContentViewModel.swift; sourceTree = "<group>"; };
		527E627B2AD5900D00C25936 /* LoginViewModel.swift */ = {isa = PBXFileReference; lastKnownFileType = sourcecode.swift; path = LoginViewModel.swift; sourceTree = "<group>"; };
		527E627D2AD5978800C25936 /* User.swift */ = {isa = PBXFileReference; lastKnownFileType = sourcecode.swift; path = User.swift; sourceTree = "<group>"; };
		527E627F2AD59BA600C25936 /* UserService.swift */ = {isa = PBXFileReference; lastKnownFileType = sourcecode.swift; path = UserService.swift; sourceTree = "<group>"; };
		52DD93CE2AD7FB0600288D1E /* ExploreViewModel.swift */ = {isa = PBXFileReference; lastKnownFileType = sourcecode.swift; path = ExploreViewModel.swift; sourceTree = "<group>"; };
		52DD93D02AD7FD4700288D1E /* PreviewProvider.swift */ = {isa = PBXFileReference; lastKnownFileType = sourcecode.swift; path = PreviewProvider.swift; sourceTree = "<group>"; };
		52DD93D52AD8025300288D1E /* CurrentUserProfileView.swift */ = {isa = PBXFileReference; lastKnownFileType = sourcecode.swift; path = CurrentUserProfileView.swift; sourceTree = "<group>"; };
		52DD93DA2AD8034500288D1E /* CurrentProfileViewModel.swift */ = {isa = PBXFileReference; lastKnownFileType = sourcecode.swift; path = CurrentProfileViewModel.swift; sourceTree = "<group>"; };
		52DD93DD2AD8388A00288D1E /* ProfileHeaderView.swift */ = {isa = PBXFileReference; lastKnownFileType = sourcecode.swift; path = ProfileHeaderView.swift; sourceTree = "<group>"; };
		52DD93DF2AD83B1600288D1E /* UserContentListView.swift */ = {isa = PBXFileReference; lastKnownFileType = sourcecode.swift; path = UserContentListView.swift; sourceTree = "<group>"; };
		52DD93E22AD8468100288D1E /* EditProfileViewModel.swift */ = {isa = PBXFileReference; lastKnownFileType = sourcecode.swift; path = EditProfileViewModel.swift; sourceTree = "<group>"; };
		52DD93E42AD848BA00288D1E /* ImageUploader.swift */ = {isa = PBXFileReference; lastKnownFileType = sourcecode.swift; path = ImageUploader.swift; sourceTree = "<group>"; };
		52DD93E92AD85D9500288D1E /* Thread.swift */ = {isa = PBXFileReference; lastKnownFileType = sourcecode.swift; path = Thread.swift; sourceTree = "<group>"; };
		52DD93EC2AD85E7F00288D1E /* CreateThreadViewModel.swift */ = {isa = PBXFileReference; lastKnownFileType = sourcecode.swift; path = CreateThreadViewModel.swift; sourceTree = "<group>"; };
		52DD93EE2AD85EC100288D1E /* ThreadService.swift */ = {isa = PBXFileReference; lastKnownFileType = sourcecode.swift; path = ThreadService.swift; sourceTree = "<group>"; };
		52DD93F22AD8678D00288D1E /* FeedViewModel.swift */ = {isa = PBXFileReference; lastKnownFileType = sourcecode.swift; path = FeedViewModel.swift; sourceTree = "<group>"; };
		52DD93F62AD9632300288D1E /* UserContentListViewModel.swift */ = {isa = PBXFileReference; lastKnownFileType = sourcecode.swift; path = UserContentListViewModel.swift; sourceTree = "<group>"; };
/* End PBXFileReference section */

/* Begin PBXFrameworksBuildPhase section */
		525CE7532ACB486300AEF034 /* Frameworks */ = {
			isa = PBXFrameworksBuildPhase;
			buildActionMask = 2147483647;
			files = (
				527E62682AD57D9D00C25936 /* FirebaseAuth in Frameworks */,
				527E626E2AD57D9D00C25936 /* FirebaseStorage in Frameworks */,
				527E626A2AD57D9D00C25936 /* FirebaseFirestore in Frameworks */,
				527E626C2AD57D9D00C25936 /* FirebaseFirestoreSwift in Frameworks */,
				52DD93E82AD850C300288D1E /* Kingfisher in Frameworks */,
			);
			runOnlyForDeploymentPostprocessing = 0;
		};
/* End PBXFrameworksBuildPhase section */

/* Begin PBXGroup section */
		525CE74D2ACB486300AEF034 = {
			isa = PBXGroup;
			children = (
				525CE7582ACB486300AEF034 /* thread-clone */,
				525CE7572ACB486300AEF034 /* Products */,
			);
			sourceTree = "<group>";
		};
		525CE7572ACB486300AEF034 /* Products */ = {
			isa = PBXGroup;
			children = (
				525CE7562ACB486300AEF034 /* thread-clone.app */,
			);
			name = Products;
			sourceTree = "<group>";
		};
		525CE7582ACB486300AEF034 /* thread-clone */ = {
			isa = PBXGroup;
			children = (
				525CE76D2ACB491300AEF034 /* Core */,
				525CE76C2ACB48D000AEF034 /* Utils */,
				525CE76B2ACB48C100AEF034 /* Models */,
				525CE76A2ACB48B500AEF034 /* Extensions */,
				525CE7692ACB48A700AEF034 /* Services */,
				525CE76F2ACB496D00AEF034 /* Root */,
				525CE7672ACB487400AEF034 /* App */,
				525CE75D2ACB486400AEF034 /* Assets.xcassets */,
				527E62642AD578B200C25936 /* GoogleService-Info.plist */,
				525CE75F2ACB486400AEF034 /* Preview Content */,
			);
			path = "thread-clone";
			sourceTree = "<group>";
		};
		525CE75F2ACB486400AEF034 /* Preview Content */ = {
			isa = PBXGroup;
			children = (
				525CE7602ACB486400AEF034 /* Preview Assets.xcassets */,
			);
			path = "Preview Content";
			sourceTree = "<group>";
		};
		525CE7672ACB487400AEF034 /* App */ = {
			isa = PBXGroup;
			children = (
				525CE7592ACB486300AEF034 /* thread_cloneApp.swift */,
			);
			path = App;
			sourceTree = "<group>";
		};
		525CE7692ACB48A700AEF034 /* Services */ = {
			isa = PBXGroup;
			children = (
				527E627F2AD59BA600C25936 /* UserService.swift */,
				52DD93E42AD848BA00288D1E /* ImageUploader.swift */,
				52DD93EE2AD85EC100288D1E /* ThreadService.swift */,
			);
			path = Services;
			sourceTree = "<group>";
		};
		525CE76A2ACB48B500AEF034 /* Extensions */ = {
			isa = PBXGroup;
			children = (
				52DD93D02AD7FD4700288D1E /* PreviewProvider.swift */,
			);
			path = Extensions;
			sourceTree = "<group>";
		};
		525CE76B2ACB48C100AEF034 /* Models */ = {
			isa = PBXGroup;
			children = (
				527E627D2AD5978800C25936 /* User.swift */,
				52DD93E92AD85D9500288D1E /* Thread.swift */,
			);
			path = Models;
			sourceTree = "<group>";
		};
		525CE76C2ACB48D000AEF034 /* Utils */ = {
			isa = PBXGroup;
			children = (
				525CE7752ACB515000AEF034 /* ViewModifiers */,
			);
			path = Utils;
			sourceTree = "<group>";
		};
		525CE76D2ACB491300AEF034 /* Core */ = {
			isa = PBXGroup;
			children = (
				527E62582AD4295300C25936 /* Components */,
				525CE78B2ACB5B4900AEF034 /* Profile */,
				525CE7872ACB5AF500AEF034 /* Activity */,
				525CE7832ACB5A8E00AEF034 /* ThreadCreation */,
				525CE77F2ACB5A5000AEF034 /* Explore */,
				525CE77B2ACB59DC00AEF034 /* Feed */,
				525CE76E2ACB496000AEF034 /* Auth */,
				525CE7782ACB553800AEF034 /* TabBar */,
			);
			path = Core;
			sourceTree = "<group>";
		};
		525CE76E2ACB496000AEF034 /* Auth */ = {
			isa = PBXGroup;
			children = (
				527E62702AD580CF00C25936 /* Services */,
				527E626F2AD5806100C25936 /* ViewModel */,
				525CE7702ACB49B800AEF034 /* Views */,
			);
			path = Auth;
			sourceTree = "<group>";
		};
		525CE76F2ACB496D00AEF034 /* Root */ = {
			isa = PBXGroup;
			children = (
				527E62762AD5883E00C25936 /* ViewModel */,
				527E62752AD5882700C25936 /* View */,
			);
			path = Root;
			sourceTree = "<group>";
		};
		525CE7702ACB49B800AEF034 /* Views */ = {
			isa = PBXGroup;
			children = (
				525CE7712ACB49D700AEF034 /* LoginView.swift */,
				525CE7732ACB4F6500AEF034 /* RegistrationView.swift */,
			);
			path = Views;
			sourceTree = "<group>";
		};
		525CE7752ACB515000AEF034 /* ViewModifiers */ = {
			isa = PBXGroup;
			children = (
				525CE7762ACB518100AEF034 /* ThreadTextFieldModifier.swift */,
			);
			path = ViewModifiers;
			sourceTree = "<group>";
		};
		525CE7782ACB553800AEF034 /* TabBar */ = {
			isa = PBXGroup;
			children = (
				525CE7792ACB569A00AEF034 /* ThreadTabView.swift */,
			);
			path = TabBar;
			sourceTree = "<group>";
		};
		525CE77B2ACB59DC00AEF034 /* Feed */ = {
			isa = PBXGroup;
			children = (
				52DD93F02AD8675D00288D1E /* ViewModel */,
				525CE77C2ACB59F400AEF034 /* Views */,
			);
			path = Feed;
			sourceTree = "<group>";
		};
		525CE77C2ACB59F400AEF034 /* Views */ = {
			isa = PBXGroup;
			children = (
				525CE77D2ACB5A1100AEF034 /* FeedView.swift */,
				527E62562AD4207200C25936 /* ThreadCell.swift */,
			);
			path = Views;
			sourceTree = "<group>";
		};
		525CE77F2ACB5A5000AEF034 /* Explore */ = {
			isa = PBXGroup;
			children = (
				52DD93CD2AD7FAF300288D1E /* ViewModel */,
				525CE7802ACB5A5900AEF034 /* Views */,
			);
			path = Explore;
			sourceTree = "<group>";
		};
		525CE7802ACB5A5900AEF034 /* Views */ = {
			isa = PBXGroup;
			children = (
				525CE7812ACB5A6A00AEF034 /* ExploreView.swift */,
			);
			path = Views;
			sourceTree = "<group>";
		};
		525CE7832ACB5A8E00AEF034 /* ThreadCreation */ = {
			isa = PBXGroup;
			children = (
				52DD93EB2AD85E5C00288D1E /* ViewModel */,
				525CE7842ACB5AAD00AEF034 /* Views */,
			);
			path = ThreadCreation;
			sourceTree = "<group>";
		};
		525CE7842ACB5AAD00AEF034 /* Views */ = {
			isa = PBXGroup;
			children = (
				525CE7852ACB5ACF00AEF034 /* CreateThreadView.swift */,
			);
			path = Views;
			sourceTree = "<group>";
		};
		525CE7872ACB5AF500AEF034 /* Activity */ = {
			isa = PBXGroup;
			children = (
				525CE7882ACB5B0B00AEF034 /* View */,
			);
			path = Activity;
			sourceTree = "<group>";
		};
		525CE7882ACB5B0B00AEF034 /* View */ = {
			isa = PBXGroup;
			children = (
				525CE7892ACB5B2900AEF034 /* ActivityView.swift */,
			);
			path = View;
			sourceTree = "<group>";
		};
		525CE78B2ACB5B4900AEF034 /* Profile */ = {
			isa = PBXGroup;
			children = (
				52DD93DC2AD8384000288D1E /* Components */,
				52DD93D22AD801FF00288D1E /* CurrentUserProfile */,
				527E62602AD568AB00C25936 /* EditProfile */,
				527E625D2AD42D6300C25936 /* Model */,
				525CE78C2ACB5B5600AEF034 /* UserProfile */,
			);
			path = Profile;
			sourceTree = "<group>";
		};
		525CE78C2ACB5B5600AEF034 /* UserProfile */ = {
			isa = PBXGroup;
			children = (
				525CE78D2ACB5B6700AEF034 /* ProfileView.swift */,
			);
			path = UserProfile;
			sourceTree = "<group>";
		};
		527E62582AD4295300C25936 /* Components */ = {
			isa = PBXGroup;
			children = (
				527E62592AD429A400C25936 /* CircularProfileImageView.swift */,
				527E625B2AD42A6900C25936 /* UserCell.swift */,
			);
			path = Components;
			sourceTree = "<group>";
		};
		527E625D2AD42D6300C25936 /* Model */ = {
			isa = PBXGroup;
			children = (
				527E625E2AD42D7F00C25936 /* ProfileThreadFilter.swift */,
			);
			path = Model;
			sourceTree = "<group>";
		};
		527E62602AD568AB00C25936 /* EditProfile */ = {
			isa = PBXGroup;
			children = (
				52DD93E12AD8465400288D1E /* ViewModel */,
				527E62612AD568D100C25936 /* Views */,
			);
			path = EditProfile;
			sourceTree = "<group>";
		};
		527E62612AD568D100C25936 /* Views */ = {
			isa = PBXGroup;
			children = (
				527E62622AD568FE00C25936 /* EditProfileView.swift */,
			);
			path = Views;
			sourceTree = "<group>";
		};
		527E626F2AD5806100C25936 /* ViewModel */ = {
			isa = PBXGroup;
			children = (
				527E62712AD5811400C25936 /* RegistrationViewModel.swift */,
				527E627B2AD5900D00C25936 /* LoginViewModel.swift */,
			);
			path = ViewModel;
			sourceTree = "<group>";
		};
		527E62702AD580CF00C25936 /* Services */ = {
			isa = PBXGroup;
			children = (
				527E62732AD582FB00C25936 /* AuthService.swift */,
			);
			path = Services;
			sourceTree = "<group>";
		};
		527E62752AD5882700C25936 /* View */ = {
			isa = PBXGroup;
			children = (
				525CE75B2ACB486300AEF034 /* ContentView.swift */,
			);
			path = View;
			sourceTree = "<group>";
		};
		527E62762AD5883E00C25936 /* ViewModel */ = {
			isa = PBXGroup;
			children = (
				527E62792AD5896E00C25936 /* ContentViewModel.swift */,
			);
			path = ViewModel;
			sourceTree = "<group>";
		};
		52DD93CD2AD7FAF300288D1E /* ViewModel */ = {
			isa = PBXGroup;
			children = (
				52DD93CE2AD7FB0600288D1E /* ExploreViewModel.swift */,
			);
			path = ViewModel;
			sourceTree = "<group>";
		};
		52DD93D22AD801FF00288D1E /* CurrentUserProfile */ = {
			isa = PBXGroup;
			children = (
				52DD93D72AD802C600288D1E /* ViewModel */,
				52DD93D32AD8021300288D1E /* View */,
			);
			path = CurrentUserProfile;
			sourceTree = "<group>";
		};
		52DD93D32AD8021300288D1E /* View */ = {
			isa = PBXGroup;
			children = (
				52DD93D52AD8025300288D1E /* CurrentUserProfileView.swift */,
			);
			path = View;
			sourceTree = "<group>";
		};
		52DD93D72AD802C600288D1E /* ViewModel */ = {
			isa = PBXGroup;
			children = (
				52DD93DA2AD8034500288D1E /* CurrentProfileViewModel.swift */,
			);
			path = ViewModel;
			sourceTree = "<group>";
		};
		52DD93DC2AD8384000288D1E /* Components */ = {
			isa = PBXGroup;
			children = (
				52DD93F52AD9628200288D1E /* ViewModel */,
				52DD93F42AD9627D00288D1E /* View */,
			);
			path = Components;
			sourceTree = "<group>";
		};
		52DD93E12AD8465400288D1E /* ViewModel */ = {
			isa = PBXGroup;
			children = (
				52DD93E22AD8468100288D1E /* EditProfileViewModel.swift */,
			);
			path = ViewModel;
			sourceTree = "<group>";
		};
		52DD93EB2AD85E5C00288D1E /* ViewModel */ = {
			isa = PBXGroup;
			children = (
				52DD93EC2AD85E7F00288D1E /* CreateThreadViewModel.swift */,
			);
			path = ViewModel;
			sourceTree = "<group>";
		};
		52DD93F02AD8675D00288D1E /* ViewModel */ = {
			isa = PBXGroup;
			children = (
				52DD93F22AD8678D00288D1E /* FeedViewModel.swift */,
			);
			path = ViewModel;
			sourceTree = "<group>";
		};
		52DD93F42AD9627D00288D1E /* View */ = {
			isa = PBXGroup;
			children = (
				52DD93DD2AD8388A00288D1E /* ProfileHeaderView.swift */,
				52DD93DF2AD83B1600288D1E /* UserContentListView.swift */,
			);
			path = View;
			sourceTree = "<group>";
		};
		52DD93F52AD9628200288D1E /* ViewModel */ = {
			isa = PBXGroup;
			children = (
				52DD93F62AD9632300288D1E /* UserContentListViewModel.swift */,
			);
			path = ViewModel;
			sourceTree = "<group>";
		};
/* End PBXGroup section */

/* Begin PBXNativeTarget section */
		525CE7552ACB486300AEF034 /* thread-clone */ = {
			isa = PBXNativeTarget;
			buildConfigurationList = 525CE7642ACB486400AEF034 /* Build configuration list for PBXNativeTarget "thread-clone" */;
			buildPhases = (
				525CE7522ACB486300AEF034 /* Sources */,
				525CE7532ACB486300AEF034 /* Frameworks */,
				525CE7542ACB486300AEF034 /* Resources */,
			);
			buildRules = (
			);
			dependencies = (
			);
			name = "thread-clone";
			packageProductDependencies = (
				527E62672AD57D9D00C25936 /* FirebaseAuth */,
				527E62692AD57D9D00C25936 /* FirebaseFirestore */,
				527E626B2AD57D9D00C25936 /* FirebaseFirestoreSwift */,
				527E626D2AD57D9D00C25936 /* FirebaseStorage */,
				52DD93E72AD850C300288D1E /* Kingfisher */,
			);
			productName = "thread-clone";
			productReference = 525CE7562ACB486300AEF034 /* thread-clone.app */;
			productType = "com.apple.product-type.application";
		};
/* End PBXNativeTarget section */

/* Begin PBXProject section */
		525CE74E2ACB486300AEF034 /* Project object */ = {
			isa = PBXProject;
			attributes = {
				BuildIndependentTargetsInParallel = 1;
				LastSwiftUpdateCheck = 1430;
				LastUpgradeCheck = 1430;
				TargetAttributes = {
					525CE7552ACB486300AEF034 = {
						CreatedOnToolsVersion = 14.3.1;
					};
				};
			};
			buildConfigurationList = 525CE7512ACB486300AEF034 /* Build configuration list for PBXProject "thread-clone" */;
			compatibilityVersion = "Xcode 14.0";
			developmentRegion = en;
			hasScannedForEncodings = 0;
			knownRegions = (
				en,
				Base,
			);
			mainGroup = 525CE74D2ACB486300AEF034;
			packageReferences = (
				527E62662AD57D9D00C25936 /* XCRemoteSwiftPackageReference "firebase-ios-sdk" */,
				52DD93E62AD850C300288D1E /* XCRemoteSwiftPackageReference "Kingfisher" */,
			);
			productRefGroup = 525CE7572ACB486300AEF034 /* Products */;
			projectDirPath = "";
			projectRoot = "";
			targets = (
				525CE7552ACB486300AEF034 /* thread-clone */,
			);
		};
/* End PBXProject section */

/* Begin PBXResourcesBuildPhase section */
		525CE7542ACB486300AEF034 /* Resources */ = {
			isa = PBXResourcesBuildPhase;
			buildActionMask = 2147483647;
			files = (
				525CE7612ACB486400AEF034 /* Preview Assets.xcassets in Resources */,
				525CE75E2ACB486400AEF034 /* Assets.xcassets in Resources */,
				527E62652AD578B200C25936 /* GoogleService-Info.plist in Resources */,
			);
			runOnlyForDeploymentPostprocessing = 0;
		};
/* End PBXResourcesBuildPhase section */

/* Begin PBXSourcesBuildPhase section */
		525CE7522ACB486300AEF034 /* Sources */ = {
			isa = PBXSourcesBuildPhase;
			buildActionMask = 2147483647;
			files = (
				525CE77E2ACB5A1100AEF034 /* FeedView.swift in Sources */,
				52DD93EA2AD85D9500288D1E /* Thread.swift in Sources */,
				527E62722AD5811400C25936 /* RegistrationViewModel.swift in Sources */,
				525CE77A2ACB569A00AEF034 /* ThreadTabView.swift in Sources */,
				527E62742AD582FB00C25936 /* AuthService.swift in Sources */,
				52DD93D12AD7FD4700288D1E /* PreviewProvider.swift in Sources */,
				52DD93E32AD8468100288D1E /* EditProfileViewModel.swift in Sources */,
				527E62632AD568FE00C25936 /* EditProfileView.swift in Sources */,
				525CE7722ACB49D700AEF034 /* LoginView.swift in Sources */,
				527E62802AD59BA600C25936 /* UserService.swift in Sources */,
				527E62572AD4207200C25936 /* ThreadCell.swift in Sources */,
				525CE78A2ACB5B2900AEF034 /* ActivityView.swift in Sources */,
				527E627C2AD5900D00C25936 /* LoginViewModel.swift in Sources */,
				52DD93DE2AD8388A00288D1E /* ProfileHeaderView.swift in Sources */,
				52DD93F72AD9632300288D1E /* UserContentListViewModel.swift in Sources */,
				52DD93ED2AD85E7F00288D1E /* CreateThreadViewModel.swift in Sources */,
				527E625A2AD429A400C25936 /* CircularProfileImageView.swift in Sources */,
				527E625C2AD42A6900C25936 /* UserCell.swift in Sources */,
				525CE7862ACB5ACF00AEF034 /* CreateThreadView.swift in Sources */,
				52DD93F32AD8678D00288D1E /* FeedViewModel.swift in Sources */,
				527E625F2AD42D7F00C25936 /* ProfileThreadFilter.swift in Sources */,
				52DD93E52AD848BA00288D1E /* ImageUploader.swift in Sources */,
				527E627A2AD5896E00C25936 /* ContentViewModel.swift in Sources */,
				52DD93E02AD83B1600288D1E /* UserContentListView.swift in Sources */,
				52DD93DB2AD8034500288D1E /* CurrentProfileViewModel.swift in Sources */,
				525CE75C2ACB486300AEF034 /* ContentView.swift in Sources */,
				525CE75A2ACB486300AEF034 /* thread_cloneApp.swift in Sources */,
				52DD93D62AD8025300288D1E /* CurrentUserProfileView.swift in Sources */,
				525CE7772ACB518100AEF034 /* ThreadTextFieldModifier.swift in Sources */,
				525CE7822ACB5A6A00AEF034 /* ExploreView.swift in Sources */,
				525CE78E2ACB5B6700AEF034 /* ProfileView.swift in Sources */,
				525CE7742ACB4F6500AEF034 /* RegistrationView.swift in Sources */,
				52DD93CF2AD7FB0600288D1E /* ExploreViewModel.swift in Sources */,
				527E627E2AD5978800C25936 /* User.swift in Sources */,
				52DD93EF2AD85EC100288D1E /* ThreadService.swift in Sources */,
			);
			runOnlyForDeploymentPostprocessing = 0;
		};
/* End PBXSourcesBuildPhase section */

/* Begin XCBuildConfiguration section */
		525CE7622ACB486400AEF034 /* Debug */ = {
			isa = XCBuildConfiguration;
			buildSettings = {
				ALWAYS_SEARCH_USER_PATHS = NO;
				CLANG_ANALYZER_NONNULL = YES;
				CLANG_ANALYZER_NUMBER_OBJECT_CONVERSION = YES_AGGRESSIVE;
				CLANG_CXX_LANGUAGE_STANDARD = "gnu++20";
				CLANG_ENABLE_MODULES = YES;
				CLANG_ENABLE_OBJC_ARC = YES;
				CLANG_ENABLE_OBJC_WEAK = YES;
				CLANG_WARN_BLOCK_CAPTURE_AUTORELEASING = YES;
				CLANG_WARN_BOOL_CONVERSION = YES;
				CLANG_WARN_COMMA = YES;
				CLANG_WARN_CONSTANT_CONVERSION = YES;
				CLANG_WARN_DEPRECATED_OBJC_IMPLEMENTATIONS = YES;
				CLANG_WARN_DIRECT_OBJC_ISA_USAGE = YES_ERROR;
				CLANG_WARN_DOCUMENTATION_COMMENTS = YES;
				CLANG_WARN_EMPTY_BODY = YES;
				CLANG_WARN_ENUM_CONVERSION = YES;
				CLANG_WARN_INFINITE_RECURSION = YES;
				CLANG_WARN_INT_CONVERSION = YES;
				CLANG_WARN_NON_LITERAL_NULL_CONVERSION = YES;
				CLANG_WARN_OBJC_IMPLICIT_RETAIN_SELF = YES;
				CLANG_WARN_OBJC_LITERAL_CONVERSION = YES;
				CLANG_WARN_OBJC_ROOT_CLASS = YES_ERROR;
				CLANG_WARN_QUOTED_INCLUDE_IN_FRAMEWORK_HEADER = YES;
				CLANG_WARN_RANGE_LOOP_ANALYSIS = YES;
				CLANG_WARN_STRICT_PROTOTYPES = YES;
				CLANG_WARN_SUSPICIOUS_MOVE = YES;
				CLANG_WARN_UNGUARDED_AVAILABILITY = YES_AGGRESSIVE;
				CLANG_WARN_UNREACHABLE_CODE = YES;
				CLANG_WARN__DUPLICATE_METHOD_MATCH = YES;
				COPY_PHASE_STRIP = NO;
				DEBUG_INFORMATION_FORMAT = dwarf;
				ENABLE_STRICT_OBJC_MSGSEND = YES;
				ENABLE_TESTABILITY = YES;
				GCC_C_LANGUAGE_STANDARD = gnu11;
				GCC_DYNAMIC_NO_PIC = NO;
				GCC_NO_COMMON_BLOCKS = YES;
				GCC_OPTIMIZATION_LEVEL = 0;
				GCC_PREPROCESSOR_DEFINITIONS = (
					"DEBUG=1",
					"$(inherited)",
				);
				GCC_WARN_64_TO_32_BIT_CONVERSION = YES;
				GCC_WARN_ABOUT_RETURN_TYPE = YES_ERROR;
				GCC_WARN_UNDECLARED_SELECTOR = YES;
				GCC_WARN_UNINITIALIZED_AUTOS = YES_AGGRESSIVE;
				GCC_WARN_UNUSED_FUNCTION = YES;
				GCC_WARN_UNUSED_VARIABLE = YES;
				IPHONEOS_DEPLOYMENT_TARGET = 16.4;
				MTL_ENABLE_DEBUG_INFO = INCLUDE_SOURCE;
				MTL_FAST_MATH = YES;
				ONLY_ACTIVE_ARCH = YES;
				SDKROOT = iphoneos;
				SWIFT_ACTIVE_COMPILATION_CONDITIONS = DEBUG;
				SWIFT_OPTIMIZATION_LEVEL = "-Onone";
			};
			name = Debug;
		};
		525CE7632ACB486400AEF034 /* Release */ = {
			isa = XCBuildConfiguration;
			buildSettings = {
				ALWAYS_SEARCH_USER_PATHS = NO;
				CLANG_ANALYZER_NONNULL = YES;
				CLANG_ANALYZER_NUMBER_OBJECT_CONVERSION = YES_AGGRESSIVE;
				CLANG_CXX_LANGUAGE_STANDARD = "gnu++20";
				CLANG_ENABLE_MODULES = YES;
				CLANG_ENABLE_OBJC_ARC = YES;
				CLANG_ENABLE_OBJC_WEAK = YES;
				CLANG_WARN_BLOCK_CAPTURE_AUTORELEASING = YES;
				CLANG_WARN_BOOL_CONVERSION = YES;
				CLANG_WARN_COMMA = YES;
				CLANG_WARN_CONSTANT_CONVERSION = YES;
				CLANG_WARN_DEPRECATED_OBJC_IMPLEMENTATIONS = YES;
				CLANG_WARN_DIRECT_OBJC_ISA_USAGE = YES_ERROR;
				CLANG_WARN_DOCUMENTATION_COMMENTS = YES;
				CLANG_WARN_EMPTY_BODY = YES;
				CLANG_WARN_ENUM_CONVERSION = YES;
				CLANG_WARN_INFINITE_RECURSION = YES;
				CLANG_WARN_INT_CONVERSION = YES;
				CLANG_WARN_NON_LITERAL_NULL_CONVERSION = YES;
				CLANG_WARN_OBJC_IMPLICIT_RETAIN_SELF = YES;
				CLANG_WARN_OBJC_LITERAL_CONVERSION = YES;
				CLANG_WARN_OBJC_ROOT_CLASS = YES_ERROR;
				CLANG_WARN_QUOTED_INCLUDE_IN_FRAMEWORK_HEADER = YES;
				CLANG_WARN_RANGE_LOOP_ANALYSIS = YES;
				CLANG_WARN_STRICT_PROTOTYPES = YES;
				CLANG_WARN_SUSPICIOUS_MOVE = YES;
				CLANG_WARN_UNGUARDED_AVAILABILITY = YES_AGGRESSIVE;
				CLANG_WARN_UNREACHABLE_CODE = YES;
				CLANG_WARN__DUPLICATE_METHOD_MATCH = YES;
				COPY_PHASE_STRIP = NO;
				DEBUG_INFORMATION_FORMAT = "dwarf-with-dsym";
				ENABLE_NS_ASSERTIONS = NO;
				ENABLE_STRICT_OBJC_MSGSEND = YES;
				GCC_C_LANGUAGE_STANDARD = gnu11;
				GCC_NO_COMMON_BLOCKS = YES;
				GCC_WARN_64_TO_32_BIT_CONVERSION = YES;
				GCC_WARN_ABOUT_RETURN_TYPE = YES_ERROR;
				GCC_WARN_UNDECLARED_SELECTOR = YES;
				GCC_WARN_UNINITIALIZED_AUTOS = YES_AGGRESSIVE;
				GCC_WARN_UNUSED_FUNCTION = YES;
				GCC_WARN_UNUSED_VARIABLE = YES;
				IPHONEOS_DEPLOYMENT_TARGET = 16.4;
				MTL_ENABLE_DEBUG_INFO = NO;
				MTL_FAST_MATH = YES;
				SDKROOT = iphoneos;
				SWIFT_COMPILATION_MODE = wholemodule;
				SWIFT_OPTIMIZATION_LEVEL = "-O";
				VALIDATE_PRODUCT = YES;
			};
			name = Release;
		};
		525CE7652ACB486400AEF034 /* Debug */ = {
			isa = XCBuildConfiguration;
			buildSettings = {
				ASSETCATALOG_COMPILER_APPICON_NAME = AppIcon;
				ASSETCATALOG_COMPILER_GLOBAL_ACCENT_COLOR_NAME = AccentColor;
				CODE_SIGN_STYLE = Automatic;
				CURRENT_PROJECT_VERSION = 1;
				DEVELOPMENT_ASSET_PATHS = "\"thread-clone/Preview Content\"";
				ENABLE_PREVIEWS = YES;
				GENERATE_INFOPLIST_FILE = YES;
				INFOPLIST_KEY_UIApplicationSceneManifest_Generation = YES;
				INFOPLIST_KEY_UIApplicationSupportsIndirectInputEvents = YES;
				INFOPLIST_KEY_UILaunchScreen_Generation = YES;
				INFOPLIST_KEY_UISupportedInterfaceOrientations_iPad = "UIInterfaceOrientationPortrait UIInterfaceOrientationPortraitUpsideDown UIInterfaceOrientationLandscapeLeft UIInterfaceOrientationLandscapeRight";
				INFOPLIST_KEY_UISupportedInterfaceOrientations_iPhone = "UIInterfaceOrientationPortrait UIInterfaceOrientationLandscapeLeft UIInterfaceOrientationLandscapeRight";
				LD_RUNPATH_SEARCH_PATHS = (
					"$(inherited)",
					"@executable_path/Frameworks",
				);
				MARKETING_VERSION = 1.0;
				PRODUCT_BUNDLE_IDENTIFIER = "com.example.thread-clone";
				PRODUCT_NAME = "$(TARGET_NAME)";
				SWIFT_EMIT_LOC_STRINGS = YES;
				SWIFT_VERSION = 5.0;
				TARGETED_DEVICE_FAMILY = "1,2";
			};
			name = Debug;
		};
		525CE7662ACB486400AEF034 /* Release */ = {
			isa = XCBuildConfiguration;
			buildSettings = {
				ASSETCATALOG_COMPILER_APPICON_NAME = AppIcon;
				ASSETCATALOG_COMPILER_GLOBAL_ACCENT_COLOR_NAME = AccentColor;
				CODE_SIGN_STYLE = Automatic;
				CURRENT_PROJECT_VERSION = 1;
				DEVELOPMENT_ASSET_PATHS = "\"thread-clone/Preview Content\"";
				ENABLE_PREVIEWS = YES;
				GENERATE_INFOPLIST_FILE = YES;
				INFOPLIST_KEY_UIApplicationSceneManifest_Generation = YES;
				INFOPLIST_KEY_UIApplicationSupportsIndirectInputEvents = YES;
				INFOPLIST_KEY_UILaunchScreen_Generation = YES;
				INFOPLIST_KEY_UISupportedInterfaceOrientations_iPad = "UIInterfaceOrientationPortrait UIInterfaceOrientationPortraitUpsideDown UIInterfaceOrientationLandscapeLeft UIInterfaceOrientationLandscapeRight";
				INFOPLIST_KEY_UISupportedInterfaceOrientations_iPhone = "UIInterfaceOrientationPortrait UIInterfaceOrientationLandscapeLeft UIInterfaceOrientationLandscapeRight";
				LD_RUNPATH_SEARCH_PATHS = (
					"$(inherited)",
					"@executable_path/Frameworks",
				);
				MARKETING_VERSION = 1.0;
				PRODUCT_BUNDLE_IDENTIFIER = "com.example.thread-clone";
				PRODUCT_NAME = "$(TARGET_NAME)";
				SWIFT_EMIT_LOC_STRINGS = YES;
				SWIFT_VERSION = 5.0;
				TARGETED_DEVICE_FAMILY = "1,2";
			};
			name = Release;
		};
/* End XCBuildConfiguration section */

/* Begin XCConfigurationList section */
		525CE7512ACB486300AEF034 /* Build configuration list for PBXProject "thread-clone" */ = {
			isa = XCConfigurationList;
			buildConfigurations = (
				525CE7622ACB486400AEF034 /* Debug */,
				525CE7632ACB486400AEF034 /* Release */,
			);
			defaultConfigurationIsVisible = 0;
			defaultConfigurationName = Release;
		};
		525CE7642ACB486400AEF034 /* Build configuration list for PBXNativeTarget "thread-clone" */ = {
			isa = XCConfigurationList;
			buildConfigurations = (
				525CE7652ACB486400AEF034 /* Debug */,
				525CE7662ACB486400AEF034 /* Release */,
			);
			defaultConfigurationIsVisible = 0;
			defaultConfigurationName = Release;
		};
/* End XCConfigurationList section */

/* Begin XCRemoteSwiftPackageReference section */
		527E62662AD57D9D00C25936 /* XCRemoteSwiftPackageReference "firebase-ios-sdk" */ = {
			isa = XCRemoteSwiftPackageReference;
			repositoryURL = "https://github.com/firebase/firebase-ios-sdk";
			requirement = {
				kind = upToNextMajorVersion;
				minimumVersion = 10.0.0;
			};
		};
		52DD93E62AD850C300288D1E /* XCRemoteSwiftPackageReference "Kingfisher" */ = {
			isa = XCRemoteSwiftPackageReference;
			repositoryURL = "https://github.com/onevcat/Kingfisher";
			requirement = {
				kind = upToNextMajorVersion;
				minimumVersion = 7.0.0;
			};
		};
/* End XCRemoteSwiftPackageReference section */

/* Begin XCSwiftPackageProductDependency section */
		527E62672AD57D9D00C25936 /* FirebaseAuth */ = {
			isa = XCSwiftPackageProductDependency;
			package = 527E62662AD57D9D00C25936 /* XCRemoteSwiftPackageReference "firebase-ios-sdk" */;
			productName = FirebaseAuth;
		};
		527E62692AD57D9D00C25936 /* FirebaseFirestore */ = {
			isa = XCSwiftPackageProductDependency;
			package = 527E62662AD57D9D00C25936 /* XCRemoteSwiftPackageReference "firebase-ios-sdk" */;
			productName = FirebaseFirestore;
		};
		527E626B2AD57D9D00C25936 /* FirebaseFirestoreSwift */ = {
			isa = XCSwiftPackageProductDependency;
			package = 527E62662AD57D9D00C25936 /* XCRemoteSwiftPackageReference "firebase-ios-sdk" */;
			productName = FirebaseFirestoreSwift;
		};
		527E626D2AD57D9D00C25936 /* FirebaseStorage */ = {
			isa = XCSwiftPackageProductDependency;
			package = 527E62662AD57D9D00C25936 /* XCRemoteSwiftPackageReference "firebase-ios-sdk" */;
			productName = FirebaseStorage;
		};
		52DD93E72AD850C300288D1E /* Kingfisher */ = {
			isa = XCSwiftPackageProductDependency;
			package = 52DD93E62AD850C300288D1E /* XCRemoteSwiftPackageReference "Kingfisher" */;
			productName = Kingfisher;
		};
/* End XCSwiftPackageProductDependency section */
	};
	rootObject = 525CE74E2ACB486300AEF034 /* Project object */;
}
